# Generated by pub
# See https://dart.dev/tools/pub/glossary#lockfile
packages:
  charcode:
    dependency: transitive
    description:
      name: charcode
      sha256: abac3bd18780f688ff2b93914f7ed2d4e9405835cbed1f09298ef65e278f23a2
      url: "https://pub.dev"
    source: hosted
    version: "1.1.3"
  collection:
    dependency: transitive
    description:
      name: collection
      sha256: "7223b6b1e0fea267664cee3fb78fa1d02f88163bb96b63b58810a3bf8ff802c1"
      url: "https://pub.dev"
    source: hosted
    version: "1.14.13"
  dartclub_lint:
    dependency: "direct dev"
    description:
      name: dartclub_lint
      sha256: "90e288a269cdaabb6de855b6606344206f689e878e68f3a870a20ee7ce982248"
      url: "https://pub.dev"
    source: hosted
    version: "0.2.1"
  firebase_admin_interop:
    dependency: "direct main"
    description:
      name: firebase_admin_interop
      sha256: "970ad5e2ed5aea12a4b6c9d26717d0a90943a365b4325d881a678c0ff428463a"
      url: "https://pub.dev"
    source: hosted
    version: "2.1.0"
  firebase_functions_interop:
    dependency: "direct main"
    description:
      path: "."
      ref: HEAD
      resolved-ref: "8d41aacdaedf40b6b97c98212405c9071164f854"
      url: "https://github.com/grundid/firebase-functions-interop.git"
    source: git
    version: "2.0.0"
  firestore_api:
    dependency: "direct main"
    description:
      path: firestore_api
      ref: HEAD
      resolved-ref: aa178bd877475ed948910aa6ca0074dee50f3163
      url: "https://github.com/dartclub/firestore_dart"
    source: git
    version: "0.0.1"
  firestore_node:
    dependency: "direct main"
    description:
      path: firestore_node
      ref: HEAD
      resolved-ref: aa178bd877475ed948910aa6ca0074dee50f3163
      url: "https://github.com/dartclub/firestore_dart"
    source: git
    version: "1.0.0"
  http:
    dependency: transitive
    description:
      name: http
      sha256: "411262398b34f52b9baac4860a1aa6e4779037ba9289c19b4cd16928efa97a2b"
      url: "https://pub.dev"
    source: hosted
    version: "0.12.2"
  http_parser:
    dependency: transitive
    description:
      name: http_parser
      sha256: "9d2b0626e9e402fc98e6868360da8f256064d6c0b8e4c3edcca5e02fb0b95da9"
      url: "https://pub.dev"
    source: hosted
    version: "3.1.4"
  js:
    dependency: transitive
    description:
      name: js
      sha256: e2c83d11970692d58756bac957864eb1f3d4ade99fa6cbaeb1e70fe847813cb6
      url: "https://pub.dev"
    source: hosted
    version: "0.6.2"
  meta:
    dependency: transitive
    description:
      name: meta
      sha256: "4c461f27981d03a9ca6d80c32efc84b7e3085eb93e459b2f541035683182d342"
      url: "https://pub.dev"
    source: hosted
    version: "1.2.2"
  node_http:
    dependency: transitive
    description:
      name: node_http
      sha256: "73a68cc107847191bc88d5af7cca8df8b76d88c8aad92e58ee66dc723be9ffa2"
      url: "https://pub.dev"
    source: hosted
    version: "1.0.1"
  node_interop:
    dependency: "direct main"
    description:
      name: node_interop
      sha256: "3afce5317f1071a97df98f6744be23cf67153bc91c91825fbefa3d553bdcb2e6"
      url: "https://pub.dev"
    source: hosted
    version: "1.1.1"
  node_io:
    dependency: transitive
    description:
      name: node_io
      sha256: dd801d4b02543ac44af8869577a0a8a51bd92a886c4f8057664dd2514ef17b73
      url: "https://pub.dev"
    source: hosted
    version: "1.1.1"
  path:
    dependency: transitive
    description:
      name: path
      sha256: "77ab9b015de381f5afddaeaae9a88295062e005581544241e5b364b583cb010a"
      url: "https://pub.dev"
    source: hosted
    version: "1.7.0"
  pedantic:
    dependency: transitive
    description:
      name: pedantic
      sha256: e1d7612702b705bba0ca871035b8cc9f2f23164fe81240b76b4eeef350e4f500
      url: "https://pub.dev"
    source: hosted
    version: "1.9.2"
  quiver_hashcode:
    dependency: transitive
    description:
      name: quiver_hashcode
      sha256: "018f4653c308fa01069f524f556fc4f00ddb6e779a9309d0fc888813e74176ac"
      url: "https://pub.dev"
    source: hosted
    version: "2.0.0"
  source_span:
    dependency: transitive
    description:
      name: source_span
      sha256: c8515a2573f7c0772c6f60674a2b4d5c5631de0b9f483a477d1694f2c879b00c
      url: "https://pub.dev"
    source: hosted
    version: "1.7.0"
  string_scanner:
    dependency: transitive
    description:
      name: string_scanner
      sha256: "43a5dd314205bbc0aeb8fccd8587f9986d79911fdb469476211eaef856b38d66"
      url: "https://pub.dev"
    source: hosted
    version: "1.0.5"
  term_glyph:
    dependency: transitive
    description:
      name: term_glyph
      sha256: "20bd11d476c7267071bf13c3a6aff1627f7bb9149985122637e284864cc9d155"
      url: "https://pub.dev"
    source: hosted
    version: "1.1.0"
  typed_data:
    dependency: transitive
    description:
      name: typed_data
      sha256: b41767fd0d6c2473e3ff61a05d3ab55578dae390d0b19bb35d1821e612faace6
      url: "https://pub.dev"
    source: hosted
    version: "1.2.0"
sdks:
  dart: ">=2.7.0 <3.0.0"
