# Generated by pub
# See https://dart.dev/tools/pub/glossary#lockfile
packages:
  charcode:
    dependency: transitive
    description:
      name: charcode
      url: "https://pub.dartlang.org"
    source: hosted
    version: "1.1.3"
  collection:
    dependency: transitive
    description:
      name: collection
      url: "https://pub.dartlang.org"
    source: hosted
    version: "1.14.13"
  dartclub_lint:
    dependency: "direct dev"
    description:
      name: dartclub_lint
      url: "https://pub.dartlang.org"
    source: hosted
    version: "0.2.1"
  firebase_admin_interop:
    dependency: "direct main"
    description:
      name: firebase_admin_interop
      url: "https://pub.dartlang.org"
    source: hosted
    version: "2.1.0"
  firebase_functions_interop:
    dependency: "direct main"
    description:
      path: "."
      ref: HEAD
      resolved-ref: "8d41aacdaedf40b6b97c98212405c9071164f854"
      url: "https://github.com/grundid/firebase-functions-interop.git"
    source: git
    version: "2.0.0"
  firestore_api:
    dependency: "direct main"
    description:
      path: firestore_api
      ref: HEAD
      resolved-ref: aa178bd877475ed948910aa6ca0074dee50f3163
      url: "https://github.com/dartclub/firestore_dart"
    source: git
    version: "0.0.1"
  firestore_node:
    dependency: "direct main"
    description:
      path: firestore_node
      ref: HEAD
      resolved-ref: aa178bd877475ed948910aa6ca0074dee50f3163
      url: "https://github.com/dartclub/firestore_dart"
    source: git
    version: "1.0.0"
  http:
    dependency: transitive
    description:
      name: http
      url: "https://pub.dartlang.org"
    source: hosted
    version: "0.12.2"
  http_parser:
    dependency: transitive
    description:
      name: http_parser
      url: "https://pub.dartlang.org"
    source: hosted
    version: "3.1.4"
  js:
    dependency: transitive
    description:
      name: js
      url: "https://pub.dartlang.org"
    source: hosted
    version: "0.6.2"
  meta:
    dependency: transitive
    description:
      name: meta
      url: "https://pub.dartlang.org"
    source: hosted
    version: "1.2.2"
  node_http:
    dependency: transitive
    description:
      name: node_http
      url: "https://pub.dartlang.org"
    source: hosted
    version: "1.0.1"
  node_interop:
    dependency: "direct main"
    description:
      name: node_interop
      url: "https://pub.dartlang.org"
    source: hosted
    version: "1.1.1"
  node_io:
    dependency: transitive
    description:
      name: node_io
      url: "https://pub.dartlang.org"
    source: hosted
    version: "1.1.1"
  path:
    dependency: transitive
    description:
      name: path
      url: "https://pub.dartlang.org"
    source: hosted
    version: "1.7.0"
  pedantic:
    dependency: transitive
    description:
      name: pedantic
      url: "https://pub.dartlang.org"
    source: hosted
    version: "1.9.2"
  quiver_hashcode:
    dependency: transitive
    description:
      name: quiver_hashcode
      url: "https://pub.dartlang.org"
    source: hosted
    version: "2.0.0"
  source_span:
    dependency: transitive
    description:
      name: source_span
      url: "https://pub.dartlang.org"
    source: hosted
    version: "1.7.0"
  string_scanner:
    dependency: transitive
    description:
      name: string_scanner
      url: "https://pub.dartlang.org"
    source: hosted
    version: "1.0.5"
  term_glyph:
    dependency: transitive
    description:
      name: term_glyph
      url: "https://pub.dartlang.org"
    source: hosted
    version: "1.1.0"
  typed_data:
    dependency: transitive
    description:
      name: typed_data
      url: "https://pub.dartlang.org"
    source: hosted
    version: "1.2.0"
sdks:
  dart: ">=2.7.0 <3.0.0"
